
Microsoft Visual Studio Solution File, Format Version 12.00
# Visual Studio Version 16
VisualStudioVersion = 16.0.29613.14
MinimumVisualStudioVersion = 10.0.40219.1
Project("{FAE04EC0-301F-11D3-BF4B-00C04F79EFBC}") = "Rdr2ModManager", "Rdr2ModManager.csproj", "{C09CC625-2CAB-49C1-89C1-C2CED6916CAF}"
EndProject
Project("{54435603-DBB4-11D2-8724-00A0C9A8B90C}") = "ModMgrSetup", "..\ModMgrSetup\ModMgrSetup.vdproj", "{F18D5BFD-8844-4FEE-AD20-6261C497A961}"
EndProject
Global
	GlobalSection(SolutionConfigurationPlatforms) = preSolution
		Debug|Any CPU = Debug|Any CPU
		Release|Any CPU = Release|Any CPU
	EndGlobalSection
	GlobalSection(ProjectConfigurationPlatforms) = postSolution
		{C09CC625-2CAB-49C1-89C1-C2CED6916CAF}.Debug|Any CPU.ActiveCfg = Debug|Any CPU
		{C09CC625-2CAB-49C1-89C1-C2CED6916CAF}.Debug|Any CPU.Build.0 = Debug|Any CPU
		{C09CC625-2CAB-49C1-89C1-C2CED6916CAF}.Release|Any CPU.ActiveCfg = Release|Any CPU
		{C09CC625-2CAB-49C1-89C1-C2CED6916CAF}.Release|Any CPU.Build.0 = Release|Any CPU
		{F18D5BFD-8844-4FEE-AD20-6261C497A961}.Debug|Any CPU.ActiveCfg = Debug
		{F18D5BFD-8844-4FEE-AD20-6261C497A961}.Release|Any CPU.ActiveCfg = Release
	EndGlobalSection
	GlobalSection(SolutionProperties) = preSolution
		HideSolutionNode = FALSE
	EndGlobalSection
	GlobalSection(ExtensibilityGlobals) = postSolution
		SolutionGuid = {AA7C13AB-6F16-4C3D-B801-0654BC3E6752}
	EndGlobalSection
EndGlobal
